<?xml version="1.0" encoding="UTF-8"?>
<!DOCTYPE plist PUBLIC "-//Apple//DTD PLIST 1.0//EN" "http://www.apple.com/DTDs/PropertyList-1.0.dtd">
<plist version="1.0">
<dict>
	<key>archiveVersion</key>
	<string>1</string>
	<key>classes</key>
	<dict/>
	<key>objectVersion</key>
	<string>46</string>
	<key>objects</key>
	<dict>
		<key>02028DF53EA9BB59014C3EDC</key>
		<dict>
			<key>isa</key>
			<string>PBXFileReference</string>
			<key>lastKnownFileType</key>
			<string>wrapper.framework</string>
			<key>name</key>
			<string>AssetsLibrary.framework</string>
			<key>path</key>
			<string>System/Library/Frameworks/AssetsLibrary.framework</string>
			<key>sourceTree</key>
			<string>SDKROOT</string>
		</dict>
		<key>03CCB12E6F2B719E6FE0A3A2</key>
		<dict>
			<key>buildActionMask</key>
			<string>2147483647</string>
			<key>files</key>
			<array/>
			<key>inputPaths</key>
			<array/>
			<key>isa</key>
			<string>PBXShellScriptBuildPhase</string>
			<key>name</key>
			<string>Copy Pods Resources</string>
			<key>outputPaths</key>
			<array/>
			<key>runOnlyForDeploymentPostprocessing</key>
			<string>0</string>
			<key>shellPath</key>
			<string>/bin/sh</string>
			<key>shellScript</key>
			<string>"${SRCROOT}/Pods/Target Support Files/Pods-LiveVideoEdit/Pods-LiveVideoEdit-resources.sh"
</string>
			<key>showEnvVarsInLog</key>
			<string>0</string>
		</dict>
		<key>05E4BE198DED9394EC8AA5B3</key>
		<dict>
			<key>fileRef</key>
			<string>C85E4D4B77A48B4470DDF9F7</string>
			<key>isa</key>
			<string>PBXBuildFile</string>
		</dict>
		<key>1A5082395E1D30C3C0EBBB69</key>
		<dict>
			<key>fileRef</key>
			<string>1D4F556D2B02F664846F3339</string>
			<key>isa</key>
			<string>PBXBuildFile</string>
		</dict>
		<key>1D4F556D2B02F664846F3339</key>
		<dict>
			<key>isa</key>
			<string>PBXFileReference</string>
			<key>lastKnownFileType</key>
			<string>wrapper.framework</string>
			<key>name</key>
			<string>AVFoundation.framework</string>
			<key>path</key>
			<string>System/Library/Frameworks/AVFoundation.framework</string>
			<key>sourceTree</key>
			<string>SDKROOT</string>
		</dict>
		<key>28AAE88C04AA969114482270</key>
		<dict>
			<key>explicitFileType</key>
			<string>wrapper.framework</string>
			<key>includeInIndex</key>
			<string>0</string>
			<key>isa</key>
			<string>PBXFileReference</string>
			<key>path</key>
			<string>Pods_LiveVideoEdit.framework</string>
			<key>sourceTree</key>
			<string>BUILT_PRODUCTS_DIR</string>
		</dict>
		<key>2A15095ABE282CF31687720F</key>
		<dict>
			<key>buildActionMask</key>
			<string>2147483647</string>
			<key>files</key>
			<array/>
			<key>inputPaths</key>
			<array/>
			<key>isa</key>
			<string>PBXShellScriptBuildPhase</string>
			<key>name</key>
			<string>Embed Pods Frameworks</string>
			<key>outputPaths</key>
			<array/>
			<key>runOnlyForDeploymentPostprocessing</key>
			<string>0</string>
			<key>shellPath</key>
			<string>/bin/sh</string>
			<key>shellScript</key>
			<string>"${SRCROOT}/Pods/Target Support Files/Pods-LiveVideoEdit/Pods-LiveVideoEdit-frameworks.sh"
</string>
			<key>showEnvVarsInLog</key>
			<string>0</string>
		</dict>
		<key>30E1E9975A09E5838743D4E3</key>
		<dict>
			<key>fileRef</key>
			<string>28AAE88C04AA969114482270</string>
			<key>isa</key>
			<string>PBXBuildFile</string>
		</dict>
		<key>3A6264A266F562E48AB7BF4D</key>
		<dict>
			<key>fileRef</key>
			<string>EFF4EB2679055E65376ECBE4</string>
			<key>isa</key>
			<string>PBXBuildFile</string>
		</dict>
		<key>3C3D2FDDB5DDF4F4F6D32B56</key>
		<dict>
			<key>fileRef</key>
			<string>FE18BF03B752F59DB5224185</string>
			<key>isa</key>
			<string>PBXBuildFile</string>
		</dict>
		<key>4A51D40B0284F018BC165957</key>
		<dict>
			<key>isa</key>
			<string>PBXFileReference</string>
			<key>lastKnownFileType</key>
			<string>wrapper.framework</string>
			<key>name</key>
			<string>CoreText.framework</string>
			<key>path</key>
			<string>System/Library/Frameworks/CoreText.framework</string>
			<key>sourceTree</key>
			<string>SDKROOT</string>
		</dict>
		<key>5FA1894D17B6044AF75266C3</key>
		<dict>
			<key>children</key>
			<array>
				<string>FE18BF03B752F59DB5224185</string>
				<string>02028DF53EA9BB59014C3EDC</string>
				<string>4A51D40B0284F018BC165957</string>
				<string>C85E4D4B77A48B4470DDF9F7</string>
				<string>D17983BF206BA0CD423D3693</string>
				<string>93B12BF3A8A49681A43E4989</string>
				<string>1D4F556D2B02F664846F3339</string>
				<string>B4502B2D280F8B1CC499BB79</string>
				<string>EFF4EB2679055E65376ECBE4</string>
				<string>28AAE88C04AA969114482270</string>
			</array>
			<key>isa</key>
			<string>PBXGroup</string>
			<key>name</key>
			<string>Frameworks</string>
			<key>sourceTree</key>
			<string>&lt;group&gt;</string>
		</dict>
		<key>74E9D396CAA5A2EAE636E640</key>
		<dict>
			<key>buildActionMask</key>
			<string>2147483647</string>
			<key>files</key>
			<array/>
			<key>inputPaths</key>
			<array/>
			<key>isa</key>
			<string>PBXShellScriptBuildPhase</string>
			<key>name</key>
			<string>Check Pods Manifest.lock</string>
			<key>outputPaths</key>
			<array/>
			<key>runOnlyForDeploymentPostprocessing</key>
			<string>0</string>
			<key>shellPath</key>
			<string>/bin/sh</string>
			<key>shellScript</key>
			<string>diff "${PODS_ROOT}/../Podfile.lock" "${PODS_ROOT}/Manifest.lock" &gt; /dev/null
if [[ $? != 0 ]] ; then
    cat &lt;&lt; EOM
error: The sandbox is not in sync with the Podfile.lock. Run 'pod install' or update your CocoaPods installation.
EOM
    exit 1
fi
</string>
			<key>showEnvVarsInLog</key>
			<string>0</string>
		</dict>
		<key>7E1D7256F5F52D88F3EBEFFF</key>
		<dict>
			<key>fileRef</key>
			<string>4A51D40B0284F018BC165957</string>
			<key>isa</key>
			<string>PBXBuildFile</string>
		</dict>
		<key>93B12BF3A8A49681A43E4989</key>
		<dict>
			<key>isa</key>
			<string>PBXFileReference</string>
			<key>lastKnownFileType</key>
			<string>wrapper.framework</string>
			<key>name</key>
			<string>QuartzCore.framework</string>
			<key>path</key>
			<string>System/Library/Frameworks/QuartzCore.framework</string>
			<key>sourceTree</key>
			<string>SDKROOT</string>
		</dict>
		<key>97E09D4F35DE07ACE3377B3B</key>
		<dict>
			<key>includeInIndex</key>
			<string>1</string>
			<key>isa</key>
			<string>PBXFileReference</string>
			<key>lastKnownFileType</key>
			<string>text.xcconfig</string>
			<key>name</key>
			<string>Pods-LiveVideoEdit.release.xcconfig</string>
			<key>path</key>
			<string>Pods/Target Support Files/Pods-LiveVideoEdit/Pods-LiveVideoEdit.release.xcconfig</string>
			<key>sourceTree</key>
			<string>&lt;group&gt;</string>
		</dict>
		<key>A5D3C8ED3BF9E8407B21B477</key>
		<dict>
			<key>fileRef</key>
			<string>D17983BF206BA0CD423D3693</string>
			<key>isa</key>
			<string>PBXBuildFile</string>
		</dict>
		<key>A75BDE491C853DD7F21D8852</key>
		<dict>
			<key>fileRef</key>
			<string>B4502B2D280F8B1CC499BB79</string>
			<key>isa</key>
			<string>PBXBuildFile</string>
		</dict>
		<key>AA78349844D5992B79EDDADD</key>
		<dict>
			<key>children</key>
			<array>
				<string>E5A26032E543A32E35BB7741</string>
				<string>97E09D4F35DE07ACE3377B3B</string>
			</array>
			<key>isa</key>
			<string>PBXGroup</string>
			<key>name</key>
			<string>Pods</string>
			<key>sourceTree</key>
			<string>&lt;group&gt;</string>
		</dict>
		<key>B4502B2D280F8B1CC499BB79</key>
		<dict>
			<key>isa</key>
			<string>PBXFileReference</string>
			<key>lastKnownFileType</key>
			<string>wrapper.framework</string>
			<key>name</key>
			<string>CoreMedia.framework</string>
			<key>path</key>
			<string>System/Library/Frameworks/CoreMedia.framework</string>
			<key>sourceTree</key>
			<string>SDKROOT</string>
		</dict>
		<key>B4A7F1B3768F1B57F23CEBA1</key>
		<dict>
			<key>fileRef</key>
			<string>93B12BF3A8A49681A43E4989</string>
			<key>isa</key>
			<string>PBXBuildFile</string>
		</dict>
		<key>C85E4D4B77A48B4470DDF9F7</key>
		<dict>
			<key>isa</key>
			<string>PBXFileReference</string>
			<key>lastKnownFileType</key>
			<string>wrapper.framework</string>
			<key>name</key>
			<string>CoreTelephony.framework</string>
			<key>path</key>
			<string>System/Library/Frameworks/CoreTelephony.framework</string>
			<key>sourceTree</key>
			<string>SDKROOT</string>
		</dict>
		<key>CDD64F8F00DB23C36391FEEA</key>
		<dict>
			<key>includeInIndex</key>
			<string>1</string>
			<key>isa</key>
			<string>PBXFileReference</string>
			<key>lastKnownFileType</key>
			<string>sourcecode.c.h</string>
			<key>path</key>
			<string>Bridging-Header.h</string>
			<key>sourceTree</key>
			<string>&lt;group&gt;</string>
		</dict>
		<key>D17983BF206BA0CD423D3693</key>
		<dict>
			<key>isa</key>
			<string>PBXFileReference</string>
			<key>lastKnownFileType</key>
			<string>wrapper.framework</string>
			<key>name</key>
			<string>SystemConfiguration.framework</string>
			<key>path</key>
			<string>System/Library/Frameworks/SystemConfiguration.framework</string>
			<key>sourceTree</key>
			<string>SDKROOT</string>
		</dict>
		<key>D3B394AC8D1BC36B4767C9A4</key>
		<dict>
			<key>fileRef</key>
			<string>02028DF53EA9BB59014C3EDC</string>
			<key>isa</key>
			<string>PBXBuildFile</string>
		</dict>
		<key>D607B3951CF4327B00B5C5FE</key>
		<dict>
			<key>children</key>
			<array>
				<string>D607B3A01CF4327B00B5C5FE</string>
				<string>D607B39F1CF4327B00B5C5FE</string>
				<string>5FA1894D17B6044AF75266C3</string>
				<string>CDD64F8F00DB23C36391FEEA</string>
				<string>AA78349844D5992B79EDDADD</string>
			</array>
			<key>isa</key>
			<string>PBXGroup</string>
			<key>sourceTree</key>
			<string>&lt;group&gt;</string>
		</dict>
		<key>D607B3961CF4327B00B5C5FE</key>
		<dict>
			<key>attributes</key>
			<dict>
				<key>LastSwiftUpdateCheck</key>
				<string>0730</string>
				<key>LastUpgradeCheck</key>
				<string>0730</string>
				<key>ORGANIZATIONNAME</key>
				<string>HolidayExtras</string>
				<key>TargetAttributes</key>
				<dict>
					<key>D607B39D1CF4327B00B5C5FE</key>
					<dict>
						<key>CreatedOnToolsVersion</key>
						<string>7.3</string>
						<key>DevelopmentTeam</key>
						<string>3U786KR73N</string>
					</dict>
				</dict>
			</dict>
			<key>buildConfigurationList</key>
			<string>D607B3991CF4327B00B5C5FE</string>
			<key>compatibilityVersion</key>
			<string>Xcode 3.2</string>
			<key>developmentRegion</key>
			<string>English</string>
			<key>hasScannedForEncodings</key>
			<string>0</string>
			<key>isa</key>
			<string>PBXProject</string>
			<key>knownRegions</key>
			<array>
				<string>en</string>
				<string>Base</string>
			</array>
			<key>mainGroup</key>
			<string>D607B3951CF4327B00B5C5FE</string>
			<key>productRefGroup</key>
			<string>D607B39F1CF4327B00B5C5FE</string>
			<key>projectDirPath</key>
			<string></string>
			<key>projectReferences</key>
			<array/>
			<key>projectRoot</key>
			<string></string>
			<key>targets</key>
			<array>
				<string>D607B39D1CF4327B00B5C5FE</string>
			</array>
		</dict>
		<key>D607B3991CF4327B00B5C5FE</key>
		<dict>
			<key>buildConfigurations</key>
			<array>
				<string>D607B3B11CF4327B00B5C5FE</string>
				<string>D607B3B21CF4327B00B5C5FE</string>
			</array>
			<key>defaultConfigurationIsVisible</key>
			<string>0</string>
			<key>defaultConfigurationName</key>
			<string>Release</string>
			<key>isa</key>
			<string>XCConfigurationList</string>
		</dict>
		<key>D607B39A1CF4327B00B5C5FE</key>
		<dict>
			<key>buildActionMask</key>
			<string>2147483647</string>
			<key>files</key>
			<array>
				<string>D607B3A21CF4327B00B5C5FE</string>
				<string>D607B3AA1CF4327B00B5C5FE</string>
				<string>D6840FAE1CF451C6007EE94C</string>
			</array>
			<key>isa</key>
			<string>PBXSourcesBuildPhase</string>
			<key>runOnlyForDeploymentPostprocessing</key>
			<string>0</string>
		</dict>
		<key>D607B39B1CF4327B00B5C5FE</key>
		<dict>
			<key>buildActionMask</key>
			<string>2147483647</string>
			<key>files</key>
			<array>
				<string>3C3D2FDDB5DDF4F4F6D32B56</string>
				<string>D3B394AC8D1BC36B4767C9A4</string>
				<string>7E1D7256F5F52D88F3EBEFFF</string>
				<string>05E4BE198DED9394EC8AA5B3</string>
				<string>A5D3C8ED3BF9E8407B21B477</string>
				<string>B4A7F1B3768F1B57F23CEBA1</string>
				<string>1A5082395E1D30C3C0EBBB69</string>
				<string>A75BDE491C853DD7F21D8852</string>
				<string>3A6264A266F562E48AB7BF4D</string>
				<string>30E1E9975A09E5838743D4E3</string>
			</array>
			<key>isa</key>
			<string>PBXFrameworksBuildPhase</string>
			<key>runOnlyForDeploymentPostprocessing</key>
			<string>0</string>
		</dict>
		<key>D607B39C1CF4327B00B5C5FE</key>
		<dict>
			<key>buildActionMask</key>
			<string>2147483647</string>
			<key>files</key>
			<array>
				<string>D607B3AF1CF4327B00B5C5FE</string>
				<string>D607B3AC1CF4327B00B5C5FE</string>
				<string>D607B3A71CF4327B00B5C5FE</string>
			</array>
			<key>isa</key>
			<string>PBXResourcesBuildPhase</string>
			<key>runOnlyForDeploymentPostprocessing</key>
			<string>0</string>
		</dict>
		<key>D607B39D1CF4327B00B5C5FE</key>
		<dict>
			<key>buildConfigurationList</key>
			<string>D607B3B31CF4327B00B5C5FE</string>
			<key>buildPhases</key>
			<array>
				<string>74E9D396CAA5A2EAE636E640</string>
				<string>D607B39A1CF4327B00B5C5FE</string>
				<string>D607B39B1CF4327B00B5C5FE</string>
				<string>D607B39C1CF4327B00B5C5FE</string>
				<string>2A15095ABE282CF31687720F</string>
				<string>03CCB12E6F2B719E6FE0A3A2</string>
			</array>
			<key>buildRules</key>
			<array/>
			<key>dependencies</key>
			<array/>
			<key>isa</key>
			<string>PBXNativeTarget</string>
			<key>name</key>
			<string>LiveVideoEdit</string>
			<key>productName</key>
			<string>LiveVideoEdit</string>
			<key>productReference</key>
			<string>D607B39E1CF4327B00B5C5FE</string>
			<key>productType</key>
			<string>com.apple.product-type.application</string>
		</dict>
		<key>D607B39E1CF4327B00B5C5FE</key>
		<dict>
			<key>explicitFileType</key>
			<string>wrapper.application</string>
			<key>includeInIndex</key>
			<string>0</string>
			<key>isa</key>
			<string>PBXFileReference</string>
			<key>path</key>
			<string>LiveVideoEdit.app</string>
			<key>sourceTree</key>
			<string>BUILT_PRODUCTS_DIR</string>
		</dict>
		<key>D607B39F1CF4327B00B5C5FE</key>
		<dict>
			<key>children</key>
			<array>
				<string>D607B39E1CF4327B00B5C5FE</string>
			</array>
			<key>isa</key>
			<string>PBXGroup</string>
			<key>name</key>
			<string>Products</string>
			<key>sourceTree</key>
			<string>&lt;group&gt;</string>
		</dict>
		<key>D607B3A01CF4327B00B5C5FE</key>
		<dict>
			<key>children</key>
			<array>
				<string>D607B3A11CF4327B00B5C5FE</string>
				<string>D607B3A51CF4327B00B5C5FE</string>
				<string>D607B3AB1CF4327B00B5C5FE</string>
				<string>D607B3AD1CF4327B00B5C5FE</string>
				<string>D607B3B01CF4327B00B5C5FE</string>
				<string>D607B3A81CF4327B00B5C5FE</string>
				<string>D6840FAD1CF451C6007EE94C</string>
			</array>
			<key>isa</key>
			<string>PBXGroup</string>
			<key>path</key>
			<string>LiveVideoEdit</string>
			<key>sourceTree</key>
			<string>&lt;group&gt;</string>
		</dict>
		<key>D607B3A11CF4327B00B5C5FE</key>
		<dict>
			<key>isa</key>
			<string>PBXFileReference</string>
			<key>lastKnownFileType</key>
			<string>sourcecode.swift</string>
			<key>path</key>
			<string>AppDelegate.swift</string>
			<key>sourceTree</key>
			<string>&lt;group&gt;</string>
		</dict>
		<key>D607B3A21CF4327B00B5C5FE</key>
		<dict>
			<key>fileRef</key>
			<string>D607B3A11CF4327B00B5C5FE</string>
			<key>isa</key>
			<string>PBXBuildFile</string>
		</dict>
		<key>D607B3A51CF4327B00B5C5FE</key>
		<dict>
			<key>children</key>
			<array>
				<string>D607B3A61CF4327B00B5C5FE</string>
			</array>
			<key>isa</key>
			<string>PBXVariantGroup</string>
			<key>name</key>
			<string>Main.storyboard</string>
			<key>sourceTree</key>
			<string>&lt;group&gt;</string>
		</dict>
		<key>D607B3A61CF4327B00B5C5FE</key>
		<dict>
			<key>isa</key>
			<string>PBXFileReference</string>
			<key>lastKnownFileType</key>
			<string>file.storyboard</string>
			<key>name</key>
			<string>Base</string>
			<key>path</key>
			<string>Base.lproj/Main.storyboard</string>
			<key>sourceTree</key>
			<string>&lt;group&gt;</string>
		</dict>
		<key>D607B3A71CF4327B00B5C5FE</key>
		<dict>
			<key>fileRef</key>
			<string>D607B3A51CF4327B00B5C5FE</string>
			<key>isa</key>
			<string>PBXBuildFile</string>
		</dict>
		<key>D607B3A81CF4327B00B5C5FE</key>
		<dict>
			<key>children</key>
			<array>
				<string>D607B3A91CF4327B00B5C5FE</string>
			</array>
			<key>currentVersion</key>
			<string>D607B3A91CF4327B00B5C5FE</string>
			<key>isa</key>
			<string>XCVersionGroup</string>
			<key>path</key>
			<string>LiveVideoEdit.xcdatamodeld</string>
			<key>sourceTree</key>
			<string>&lt;group&gt;</string>
			<key>versionGroupType</key>
			<string>wrapper.xcdatamodel</string>
		</dict>
		<key>D607B3A91CF4327B00B5C5FE</key>
		<dict>
			<key>isa</key>
			<string>PBXFileReference</string>
			<key>lastKnownFileType</key>
			<string>wrapper.xcdatamodel</string>
			<key>path</key>
			<string>LiveVideoEdit.xcdatamodel</string>
			<key>sourceTree</key>
			<string>&lt;group&gt;</string>
		</dict>
		<key>D607B3AA1CF4327B00B5C5FE</key>
		<dict>
			<key>fileRef</key>
			<string>D607B3A81CF4327B00B5C5FE</string>
			<key>isa</key>
			<string>PBXBuildFile</string>
		</dict>
		<key>D607B3AB1CF4327B00B5C5FE</key>
		<dict>
			<key>isa</key>
			<string>PBXFileReference</string>
			<key>lastKnownFileType</key>
			<string>folder.assetcatalog</string>
			<key>path</key>
			<string>Assets.xcassets</string>
			<key>sourceTree</key>
			<string>&lt;group&gt;</string>
		</dict>
		<key>D607B3AC1CF4327B00B5C5FE</key>
		<dict>
			<key>fileRef</key>
			<string>D607B3AB1CF4327B00B5C5FE</string>
			<key>isa</key>
			<string>PBXBuildFile</string>
		</dict>
		<key>D607B3AD1CF4327B00B5C5FE</key>
		<dict>
			<key>children</key>
			<array>
				<string>D607B3AE1CF4327B00B5C5FE</string>
			</array>
			<key>isa</key>
			<string>PBXVariantGroup</string>
			<key>name</key>
			<string>LaunchScreen.storyboard</string>
			<key>sourceTree</key>
			<string>&lt;group&gt;</string>
		</dict>
		<key>D607B3AE1CF4327B00B5C5FE</key>
		<dict>
			<key>isa</key>
			<string>PBXFileReference</string>
			<key>lastKnownFileType</key>
			<string>file.storyboard</string>
			<key>name</key>
			<string>Base</string>
			<key>path</key>
			<string>Base.lproj/LaunchScreen.storyboard</string>
			<key>sourceTree</key>
			<string>&lt;group&gt;</string>
		</dict>
		<key>D607B3AF1CF4327B00B5C5FE</key>
		<dict>
			<key>fileRef</key>
			<string>D607B3AD1CF4327B00B5C5FE</string>
			<key>isa</key>
			<string>PBXBuildFile</string>
		</dict>
		<key>D607B3B01CF4327B00B5C5FE</key>
		<dict>
			<key>isa</key>
			<string>PBXFileReference</string>
			<key>lastKnownFileType</key>
			<string>text.plist.xml</string>
			<key>path</key>
			<string>Info.plist</string>
			<key>sourceTree</key>
			<string>&lt;group&gt;</string>
		</dict>
		<key>D607B3B11CF4327B00B5C5FE</key>
		<dict>
			<key>buildSettings</key>
			<dict>
				<key>ALWAYS_SEARCH_USER_PATHS</key>
				<string>NO</string>
				<key>CLANG_ANALYZER_NONNULL</key>
				<string>YES</string>
				<key>CLANG_CXX_LANGUAGE_STANDARD</key>
				<string>gnu++0x</string>
				<key>CLANG_CXX_LIBRARY</key>
				<string>libc++</string>
				<key>CLANG_ENABLE_MODULES</key>
				<string>YES</string>
				<key>CLANG_ENABLE_OBJC_ARC</key>
				<string>YES</string>
				<key>CLANG_WARN_BOOL_CONVERSION</key>
				<string>YES</string>
				<key>CLANG_WARN_CONSTANT_CONVERSION</key>
				<string>YES</string>
				<key>CLANG_WARN_DIRECT_OBJC_ISA_USAGE</key>
				<string>YES_ERROR</string>
				<key>CLANG_WARN_EMPTY_BODY</key>
				<string>YES</string>
				<key>CLANG_WARN_ENUM_CONVERSION</key>
				<string>YES</string>
				<key>CLANG_WARN_INT_CONVERSION</key>
				<string>YES</string>
				<key>CLANG_WARN_OBJC_ROOT_CLASS</key>
				<string>YES_ERROR</string>
				<key>CLANG_WARN_UNREACHABLE_CODE</key>
				<string>YES</string>
				<key>CLANG_WARN__DUPLICATE_METHOD_MATCH</key>
				<string>YES</string>
				<key>CODE_SIGN_IDENTITY[sdk=iphoneos*]</key>
				<string>iPhone Developer</string>
				<key>COPY_PHASE_STRIP</key>
				<string>NO</string>
				<key>DEBUG_INFORMATION_FORMAT</key>
				<string>dwarf</string>
				<key>ENABLE_STRICT_OBJC_MSGSEND</key>
				<string>YES</string>
				<key>ENABLE_TESTABILITY</key>
				<string>YES</string>
				<key>GCC_C_LANGUAGE_STANDARD</key>
				<string>gnu99</string>
				<key>GCC_DYNAMIC_NO_PIC</key>
				<string>NO</string>
				<key>GCC_NO_COMMON_BLOCKS</key>
				<string>YES</string>
				<key>GCC_OPTIMIZATION_LEVEL</key>
				<string>0</string>
				<key>GCC_PREPROCESSOR_DEFINITIONS</key>
				<array>
					<string>DEBUG=1</string>
					<string>$(inherited)</string>
				</array>
				<key>GCC_WARN_64_TO_32_BIT_CONVERSION</key>
				<string>YES</string>
				<key>GCC_WARN_ABOUT_RETURN_TYPE</key>
				<string>YES_ERROR</string>
				<key>GCC_WARN_UNDECLARED_SELECTOR</key>
				<string>YES</string>
				<key>GCC_WARN_UNINITIALIZED_AUTOS</key>
				<string>YES_AGGRESSIVE</string>
				<key>GCC_WARN_UNUSED_FUNCTION</key>
				<string>YES</string>
				<key>GCC_WARN_UNUSED_VARIABLE</key>
				<string>YES</string>
				<key>IPHONEOS_DEPLOYMENT_TARGET</key>
				<string>9.3</string>
				<key>MTL_ENABLE_DEBUG_INFO</key>
				<string>YES</string>
				<key>ONLY_ACTIVE_ARCH</key>
				<string>YES</string>
				<key>SDKROOT</key>
				<string>iphoneos</string>
				<key>SWIFT_OPTIMIZATION_LEVEL</key>
				<string>-Onone</string>
				<key>TARGETED_DEVICE_FAMILY</key>
				<string>1,2</string>
			</dict>
			<key>isa</key>
			<string>XCBuildConfiguration</string>
			<key>name</key>
			<string>Debug</string>
		</dict>
		<key>D607B3B21CF4327B00B5C5FE</key>
		<dict>
			<key>buildSettings</key>
			<dict>
				<key>ALWAYS_SEARCH_USER_PATHS</key>
				<string>NO</string>
				<key>CLANG_ANALYZER_NONNULL</key>
				<string>YES</string>
				<key>CLANG_CXX_LANGUAGE_STANDARD</key>
				<string>gnu++0x</string>
				<key>CLANG_CXX_LIBRARY</key>
				<string>libc++</string>
				<key>CLANG_ENABLE_MODULES</key>
				<string>YES</string>
				<key>CLANG_ENABLE_OBJC_ARC</key>
				<string>YES</string>
				<key>CLANG_WARN_BOOL_CONVERSION</key>
				<string>YES</string>
				<key>CLANG_WARN_CONSTANT_CONVERSION</key>
				<string>YES</string>
				<key>CLANG_WARN_DIRECT_OBJC_ISA_USAGE</key>
				<string>YES_ERROR</string>
				<key>CLANG_WARN_EMPTY_BODY</key>
				<string>YES</string>
				<key>CLANG_WARN_ENUM_CONVERSION</key>
				<string>YES</string>
				<key>CLANG_WARN_INT_CONVERSION</key>
				<string>YES</string>
				<key>CLANG_WARN_OBJC_ROOT_CLASS</key>
				<string>YES_ERROR</string>
				<key>CLANG_WARN_UNREACHABLE_CODE</key>
				<string>YES</string>
				<key>CLANG_WARN__DUPLICATE_METHOD_MATCH</key>
				<string>YES</string>
				<key>CODE_SIGN_IDENTITY[sdk=iphoneos*]</key>
				<string>iPhone Developer</string>
				<key>COPY_PHASE_STRIP</key>
				<string>NO</string>
				<key>DEBUG_INFORMATION_FORMAT</key>
				<string>dwarf-with-dsym</string>
				<key>ENABLE_NS_ASSERTIONS</key>
				<string>NO</string>
				<key>ENABLE_STRICT_OBJC_MSGSEND</key>
				<string>YES</string>
				<key>GCC_C_LANGUAGE_STANDARD</key>
				<string>gnu99</string>
				<key>GCC_NO_COMMON_BLOCKS</key>
				<string>YES</string>
				<key>GCC_WARN_64_TO_32_BIT_CONVERSION</key>
				<string>YES</string>
				<key>GCC_WARN_ABOUT_RETURN_TYPE</key>
				<string>YES_ERROR</string>
				<key>GCC_WARN_UNDECLARED_SELECTOR</key>
				<string>YES</string>
				<key>GCC_WARN_UNINITIALIZED_AUTOS</key>
				<string>YES_AGGRESSIVE</string>
				<key>GCC_WARN_UNUSED_FUNCTION</key>
				<string>YES</string>
				<key>GCC_WARN_UNUSED_VARIABLE</key>
				<string>YES</string>
				<key>IPHONEOS_DEPLOYMENT_TARGET</key>
				<string>9.3</string>
				<key>MTL_ENABLE_DEBUG_INFO</key>
				<string>NO</string>
				<key>SDKROOT</key>
				<string>iphoneos</string>
				<key>TARGETED_DEVICE_FAMILY</key>
				<string>1,2</string>
				<key>VALIDATE_PRODUCT</key>
				<string>YES</string>
			</dict>
			<key>isa</key>
			<string>XCBuildConfiguration</string>
			<key>name</key>
			<string>Release</string>
		</dict>
		<key>D607B3B31CF4327B00B5C5FE</key>
		<dict>
			<key>buildConfigurations</key>
			<array>
				<string>D607B3B41CF4327B00B5C5FE</string>
				<string>D607B3B51CF4327B00B5C5FE</string>
			</array>
			<key>defaultConfigurationIsVisible</key>
			<string>0</string>
			<key>defaultConfigurationName</key>
			<string>Release</string>
			<key>isa</key>
			<string>XCConfigurationList</string>
		</dict>
		<key>D607B3B41CF4327B00B5C5FE</key>
		<dict>
			<key>baseConfigurationReference</key>
			<string>E5A26032E543A32E35BB7741</string>
			<key>buildSettings</key>
			<dict>
				<key>ASSETCATALOG_COMPILER_APPICON_NAME</key>
				<string>AppIcon</string>
				<key>CODE_SIGN_IDENTITY</key>
				<string>iPhone Developer</string>
				<key>FRAMEWORK_SEARCH_PATHS</key>
				<array>
					<string>$(inherited)</string>
					<string>$(PROJECT_DIR)</string>
				</array>
				<key>INFOPLIST_FILE</key>
				<string>LiveVideoEdit/Info.plist</string>
				<key>LD_RUNPATH_SEARCH_PATHS</key>
				<string>$(inherited) @executable_path/Frameworks</string>
				<key>PRODUCT_BUNDLE_IDENTIFIER</key>
				<string>com.HolidayExtras.LiveVideoEdit</string>
				<key>PRODUCT_NAME</key>
				<string>$(TARGET_NAME)</string>
				<key>PROVISIONING_PROFILE</key>
				<string></string>
				<key>SWIFT_OBJC_BRIDGING_HEADER</key>
				<string>Bridging-Header.h</string>
			</dict>
			<key>isa</key>
			<string>XCBuildConfiguration</string>
			<key>name</key>
			<string>Debug</string>
		</dict>
		<key>D607B3B51CF4327B00B5C5FE</key>
		<dict>
			<key>baseConfigurationReference</key>
			<string>97E09D4F35DE07ACE3377B3B</string>
			<key>buildSettings</key>
			<dict>
				<key>ASSETCATALOG_COMPILER_APPICON_NAME</key>
				<string>AppIcon</string>
				<key>CODE_SIGN_IDENTITY</key>
				<string>iPhone Developer</string>
				<key>FRAMEWORK_SEARCH_PATHS</key>
				<array>
					<string>$(inherited)</string>
					<string>$(PROJECT_DIR)</string>
				</array>
				<key>INFOPLIST_FILE</key>
				<string>LiveVideoEdit/Info.plist</string>
				<key>LD_RUNPATH_SEARCH_PATHS</key>
				<string>$(inherited) @executable_path/Frameworks</string>
				<key>PRODUCT_BUNDLE_IDENTIFIER</key>
				<string>com.HolidayExtras.LiveVideoEdit</string>
				<key>PRODUCT_NAME</key>
				<string>$(TARGET_NAME)</string>
				<key>PROVISIONING_PROFILE</key>
				<string>9ad49c5d-43a7-49eb-ad04-c4b8356775b9</string>
				<key>SWIFT_OBJC_BRIDGING_HEADER</key>
				<string>Bridging-Header.h</string>
			</dict>
			<key>isa</key>
			<string>XCBuildConfiguration</string>
			<key>name</key>
			<string>Release</string>
		</dict>
		<key>D6840FAD1CF451C6007EE94C</key>
		<dict>
			<key>fileEncoding</key>
			<string>4</string>
			<key>isa</key>
			<string>PBXFileReference</string>
			<key>lastKnownFileType</key>
			<string>sourcecode.swift</string>
			<key>path</key>
			<string>RecordViewController.swift</string>
			<key>sourceTree</key>
			<string>&lt;group&gt;</string>
		</dict>
		<key>D6840FAE1CF451C6007EE94C</key>
		<dict>
			<key>fileRef</key>
			<string>D6840FAD1CF451C6007EE94C</string>
			<key>isa</key>
			<string>PBXBuildFile</string>
		</dict>
		<key>E5A26032E543A32E35BB7741</key>
		<dict>
			<key>includeInIndex</key>
			<string>1</string>
			<key>isa</key>
			<string>PBXFileReference</string>
			<key>lastKnownFileType</key>
			<string>text.xcconfig</string>
			<key>name</key>
			<string>Pods-LiveVideoEdit.debug.xcconfig</string>
			<key>path</key>
			<string>Pods/Target Support Files/Pods-LiveVideoEdit/Pods-LiveVideoEdit.debug.xcconfig</string>
			<key>sourceTree</key>
			<string>&lt;group&gt;</string>
		</dict>
		<key>EFF4EB2679055E65376ECBE4</key>
		<dict>
			<key>isa</key>
			<string>PBXFileReference</string>
			<key>lastKnownFileType</key>
			<string>wrapper.framework</string>
			<key>name</key>
			<string>CoreVideo.framework</string>
			<key>path</key>
			<string>System/Library/Frameworks/CoreVideo.framework</string>
			<key>sourceTree</key>
			<string>SDKROOT</string>
		</dict>
		<key>FE18BF03B752F59DB5224185</key>
		<dict>
			<key>isa</key>
			<string>PBXFileReference</string>
			<key>lastKnownFileType</key>
			<string>wrapper.framework</string>
			<key>path</key>
			<string>BuddyBuildSDK.framework</string>
			<key>sourceTree</key>
			<string>&lt;group&gt;</string>
		</dict>
	</dict>
	<key>rootObject</key>
	<string>D607B3961CF4327B00B5C5FE</string>
</dict>
</plist>
